
Microsoft Visual Studio Solution File, Format Version 12.00
# Visual Studio Version 16
VisualStudioVersion = 16.0.31515.178
MinimumVisualStudioVersion = 10.0.40219.1
Project("{8BC9CEB8-8B4A-11D0-8D11-00A0C91BC942}") = "t8", "t8\t8.vcxproj", "{03A89F07-23EB-42CC-A61B-1D5EDC20AE88}"
EndProject
Global
	GlobalSection(SolutionConfigurationPlatforms) = preSolution
		Debug|x64 = Debug|x64
		Debug|x86 = Debug|x86
		Release|x64 = Release|x64
		Release|x86 = Release|x86
	EndGlobalSection
	GlobalSection(ProjectConfigurationPlatforms) = postSolution
		{03A89F07-23EB-42CC-A61B-1D5EDC20AE88}.Debug|x64.ActiveCfg = Debug|x64
		{03A89F07-23EB-42CC-A61B-1D5EDC20AE88}.Debug|x64.Build.0 = Debug|x64
		{03A89F07-23EB-42CC-A61B-1D5EDC20AE88}.Debug|x86.ActiveCfg = Debug|Win32
		{03A89F07-23EB-42CC-A61B-1D5EDC20AE88}.Debug|x86.Build.0 = Debug|Win32
		{03A89F07-23EB-42CC-A61B-1D5EDC20AE88}.Release|x64.ActiveCfg = Release|x64
		{03A89F07-23EB-42CC-A61B-1D5EDC20AE88}.Release|x64.Build.0 = Release|x64
		{03A89F07-23EB-42CC-A61B-1D5EDC20AE88}.Release|x86.ActiveCfg = Release|Win32
		{03A89F07-23EB-42CC-A61B-1D5EDC20AE88}.Release|x86.Build.0 = Release|Win32
	EndGlobalSection
	GlobalSection(SolutionProperties) = preSolution
		HideSolutionNode = FALSE
	EndGlobalSection
	GlobalSection(ExtensibilityGlobals) = postSolution
		SolutionGuid = {8D6C012D-C2E3-403D-AC88-D80855241253}
	EndGlobalSection
EndGlobal
